
Microsoft Visual Studio Solution File, Format Version 12.00
# Visual Studio 14
VisualStudioVersion = 14.0.25123.0
MinimumVisualStudioVersion = 10.0.40219.1
Project("{FAE04EC0-301F-11D3-BF4B-00C04F79EFBC}") = "SwingWWTKinect", "SwingWWTKinect\SwingWWTKinect.csproj", "{6DC3351B-82C8-4602-A3FA-83B3942BAA88}"
EndProject
Global
	GlobalSection(SolutionConfigurationPlatforms) = preSolution
		Debug|Any CPU = Debug|Any CPU
		Release|Any CPU = Release|Any CPU
	EndGlobalSection
	GlobalSection(ProjectConfigurationPlatforms) = postSolution
		{6DC3351B-82C8-4602-A3FA-83B3942BAA88}.Debug|Any CPU.ActiveCfg = Debug|Any CPU
		{6DC3351B-82C8-4602-A3FA-83B3942BAA88}.Debug|Any CPU.Build.0 = Debug|Any CPU
		{6DC3351B-82C8-4602-A3FA-83B3942BAA88}.Release|Any CPU.ActiveCfg = Release|Any CPU
		{6DC3351B-82C8-4602-A3FA-83B3942BAA88}.Release|Any CPU.Build.0 = Release|Any CPU
	EndGlobalSection
	GlobalSection(SolutionProperties) = preSolution
		HideSolutionNode = FALSE
	EndGlobalSection
EndGlobal
